{
  "originHash" : "111fc66eadc2be57f75fb6c6b5c91d4d95b029c5e5b8f3da7e0a481171a60931",
  "pins" : [
    {
      "identity" : "chameleonframework",
      "kind" : "remoteSourceControl",
      "location" : "https://github.com/starkdmi/ChameleonFramework.git",
      "state" : {
        "branch" : "main",
        "revision" : "71b36b0dbbd09b923c9e948b73d2492ea6097a68"
      }
    },
    {
      "identity" : "realm-core",
      "kind" : "remoteSourceControl",
      "location" : "https://github.com/realm/realm-core.git",
      "state" : {
        "revision" : "cccb3ca9e26ec452a29f2f0d4050d1e38b8a3d43",
        "version" : "14.14.0"
      }
    },
    {
      "identity" : "realm-swift",
      "kind" : "remoteSourceControl",
      "location" : "https://github.com/realm/realm-swift.git",
      "state" : {
        "branch" : "master",
        "revision" : "c22f9303d446fc3c044e4c151ed19597464b6bd7"
      }
    },
    {
      "identity" : "swipecellkit",
      "kind" : "remoteSourceControl",
      "location" : "https://github.com/SwipeCellKit/SwipeCellKit",
      "state" : {
        "revision" : "7219cad3098637176ace311510d11467dbfb9bb0",
        "version" : "2.7.1"
      }
    }
  ],
  "version" : 3
}
